
Microsoft Visual Studio Solution File, Format Version 12.00
# Visual Studio Version 17
VisualStudioVersion = 17.11.35312.102
MinimumVisualStudioVersion = 10.0.40219.1
Project("{FAE04EC0-301F-11D3-BF4B-00C04F79EFBC}") = "MauiAppTempoAgora", "MauiAppTempoAgora\MauiAppTempoAgora.csproj", "{098017E5-2C66-4421-AE25-BD6579DEF423}"
EndProject
Global
	GlobalSection(SolutionConfigurationPlatforms) = preSolution
		Debug|Any CPU = Debug|Any CPU
		Release|Any CPU = Release|Any CPU
	EndGlobalSection
	GlobalSection(ProjectConfigurationPlatforms) = postSolution
		{098017E5-2C66-4421-AE25-BD6579DEF423}.Debug|Any CPU.ActiveCfg = Debug|Any CPU
		{098017E5-2C66-4421-AE25-BD6579DEF423}.Debug|Any CPU.Build.0 = Debug|Any CPU
		{098017E5-2C66-4421-AE25-BD6579DEF423}.Debug|Any CPU.Deploy.0 = Debug|Any CPU
		{098017E5-2C66-4421-AE25-BD6579DEF423}.Release|Any CPU.ActiveCfg = Release|Any CPU
		{098017E5-2C66-4421-AE25-BD6579DEF423}.Release|Any CPU.Build.0 = Release|Any CPU
		{098017E5-2C66-4421-AE25-BD6579DEF423}.Release|Any CPU.Deploy.0 = Release|Any CPU
	EndGlobalSection
	GlobalSection(SolutionProperties) = preSolution
		HideSolutionNode = FALSE
	EndGlobalSection
	GlobalSection(ExtensibilityGlobals) = postSolution
		SolutionGuid = {61036724-D7F1-4DE6-B425-8CD70B7BB30D}
	EndGlobalSection
EndGlobal
